
Microsoft Visual Studio Solution File, Format Version 12.00
# Visual Studio 15
VisualStudioVersion = 15.0.28307.421
MinimumVisualStudioVersion = 10.0.40219.1
Project("{FAE04EC0-301F-11D3-BF4B-00C04F79EFBC}") = "MinimalMVVM", "MinimalMVVM\MinimalMVVM.csproj", "{A71E07A6-F620-46E1-8C30-D6AE9552136A}"
EndProject
Project("{FAE04EC0-301F-11D3-BF4B-00C04F79EFBC}") = "BS", "BS\BS.csproj", "{FB3549DB-5B7F-4B4B-B6B9-6A767144D867}"
EndProject
Project("{FAE04EC0-301F-11D3-BF4B-00C04F79EFBC}") = "BS.Test", "BS.Test\BS.Test.csproj", "{C54C48B5-20C3-4DCA-83BC-70F7DCA16DB3}"
EndProject
Global
	GlobalSection(SolutionConfigurationPlatforms) = preSolution
		Debug|Any CPU = Debug|Any CPU
		Release|Any CPU = Release|Any CPU
	EndGlobalSection
	GlobalSection(ProjectConfigurationPlatforms) = postSolution
		{A71E07A6-F620-46E1-8C30-D6AE9552136A}.Debug|Any CPU.ActiveCfg = Debug|Any CPU
		{A71E07A6-F620-46E1-8C30-D6AE9552136A}.Debug|Any CPU.Build.0 = Debug|Any CPU
		{A71E07A6-F620-46E1-8C30-D6AE9552136A}.Release|Any CPU.ActiveCfg = Release|Any CPU
		{A71E07A6-F620-46E1-8C30-D6AE9552136A}.Release|Any CPU.Build.0 = Release|Any CPU
		{FB3549DB-5B7F-4B4B-B6B9-6A767144D867}.Debug|Any CPU.ActiveCfg = Debug|Any CPU
		{FB3549DB-5B7F-4B4B-B6B9-6A767144D867}.Debug|Any CPU.Build.0 = Debug|Any CPU
		{FB3549DB-5B7F-4B4B-B6B9-6A767144D867}.Release|Any CPU.ActiveCfg = Release|Any CPU
		{FB3549DB-5B7F-4B4B-B6B9-6A767144D867}.Release|Any CPU.Build.0 = Release|Any CPU
		{C54C48B5-20C3-4DCA-83BC-70F7DCA16DB3}.Debug|Any CPU.ActiveCfg = Debug|Any CPU
		{C54C48B5-20C3-4DCA-83BC-70F7DCA16DB3}.Debug|Any CPU.Build.0 = Debug|Any CPU
		{C54C48B5-20C3-4DCA-83BC-70F7DCA16DB3}.Release|Any CPU.ActiveCfg = Release|Any CPU
		{C54C48B5-20C3-4DCA-83BC-70F7DCA16DB3}.Release|Any CPU.Build.0 = Release|Any CPU
	EndGlobalSection
	GlobalSection(SolutionProperties) = preSolution
		HideSolutionNode = FALSE
	EndGlobalSection
	GlobalSection(ExtensibilityGlobals) = postSolution
		SolutionGuid = {65FF097B-7C2A-477F-B9D2-0E541F246EB2}
	EndGlobalSection
EndGlobal
